
Microsoft Visual Studio Solution File, Format Version 12.00
# Visual Studio Version 16
VisualStudioVersion = 16.0.29728.190
MinimumVisualStudioVersion = 10.0.40219.1
Project("{FAE04EC0-301F-11D3-BF4B-00C04F79EFBC}") = "devopsdemo", "devopsdemo.csproj", "{CBEAEAB9-B499-48C8-A574-66C5EDB946DC}"
EndProject
Global
	GlobalSection(SolutionConfigurationPlatforms) = preSolution
		Debug|Any CPU = Debug|Any CPU
		Release|Any CPU = Release|Any CPU
	EndGlobalSection
	GlobalSection(ProjectConfigurationPlatforms) = postSolution
		{CBEAEAB9-B499-48C8-A574-66C5EDB946DC}.Debug|Any CPU.ActiveCfg = Debug|Any CPU
		{CBEAEAB9-B499-48C8-A574-66C5EDB946DC}.Debug|Any CPU.Build.0 = Debug|Any CPU
		{CBEAEAB9-B499-48C8-A574-66C5EDB946DC}.Release|Any CPU.ActiveCfg = Release|Any CPU
		{CBEAEAB9-B499-48C8-A574-66C5EDB946DC}.Release|Any CPU.Build.0 = Release|Any CPU
	EndGlobalSection
	GlobalSection(SolutionProperties) = preSolution
		HideSolutionNode = FALSE
	EndGlobalSection
	GlobalSection(ExtensibilityGlobals) = postSolution
		SolutionGuid = {2A9D2FBC-CA81-4035-8C07-583FCA04C5C0}
	EndGlobalSection
EndGlobal
